
Microsoft Visual Studio Solution File, Format Version 12.00
# Visual Studio Version 16
VisualStudioVersion = 16.0.29201.188
MinimumVisualStudioVersion = 10.0.40219.1
Project("{FAE04EC0-301F-11D3-BF4B-00C04F79EFBC}") = "Thinning.UI", "Thinning.UI\Thinning.UI.csproj", "{07453180-4038-457C-81BB-7017A2890660}"
EndProject
Project("{FAE04EC0-301F-11D3-BF4B-00C04F79EFBC}") = "Thinning.Infrastructure", "Thinning.Infrastructure\Thinning.Infrastructure.csproj", "{19B5AECE-CCE3-4312-AB19-D190AF1A1441}"
EndProject
Project("{FAE04EC0-301F-11D3-BF4B-00C04F79EFBC}") = "Thinning.Algorithm", "Thinning.Algorithm\Thinning.Algorithm.csproj", "{9BFB384E-CA70-407A-9E0E-B9AC235ED7D6}"
EndProject
Project("{FAE04EC0-301F-11D3-BF4B-00C04F79EFBC}") = "Thinning.Contracts", "Thinning.Contracts\Thinning.Contracts.csproj", "{A5976D58-40FE-4F20-B9E8-DE2F6C40C3BE}"
EndProject
Global
	GlobalSection(SolutionConfigurationPlatforms) = preSolution
		Debug|Any CPU = Debug|Any CPU
		Release|Any CPU = Release|Any CPU
	EndGlobalSection
	GlobalSection(ProjectConfigurationPlatforms) = postSolution
		{07453180-4038-457C-81BB-7017A2890660}.Debug|Any CPU.ActiveCfg = Debug|Any CPU
		{07453180-4038-457C-81BB-7017A2890660}.Debug|Any CPU.Build.0 = Debug|Any CPU
		{07453180-4038-457C-81BB-7017A2890660}.Release|Any CPU.ActiveCfg = Release|Any CPU
		{07453180-4038-457C-81BB-7017A2890660}.Release|Any CPU.Build.0 = Release|Any CPU
		{19B5AECE-CCE3-4312-AB19-D190AF1A1441}.Debug|Any CPU.ActiveCfg = Debug|Any CPU
		{19B5AECE-CCE3-4312-AB19-D190AF1A1441}.Debug|Any CPU.Build.0 = Debug|Any CPU
		{19B5AECE-CCE3-4312-AB19-D190AF1A1441}.Release|Any CPU.ActiveCfg = Release|Any CPU
		{19B5AECE-CCE3-4312-AB19-D190AF1A1441}.Release|Any CPU.Build.0 = Release|Any CPU
		{9BFB384E-CA70-407A-9E0E-B9AC235ED7D6}.Debug|Any CPU.ActiveCfg = Debug|Any CPU
		{9BFB384E-CA70-407A-9E0E-B9AC235ED7D6}.Debug|Any CPU.Build.0 = Debug|Any CPU
		{9BFB384E-CA70-407A-9E0E-B9AC235ED7D6}.Release|Any CPU.ActiveCfg = Release|Any CPU
		{9BFB384E-CA70-407A-9E0E-B9AC235ED7D6}.Release|Any CPU.Build.0 = Release|Any CPU
		{A5976D58-40FE-4F20-B9E8-DE2F6C40C3BE}.Debug|Any CPU.ActiveCfg = Debug|Any CPU
		{A5976D58-40FE-4F20-B9E8-DE2F6C40C3BE}.Debug|Any CPU.Build.0 = Debug|Any CPU
		{A5976D58-40FE-4F20-B9E8-DE2F6C40C3BE}.Release|Any CPU.ActiveCfg = Release|Any CPU
		{A5976D58-40FE-4F20-B9E8-DE2F6C40C3BE}.Release|Any CPU.Build.0 = Release|Any CPU
	EndGlobalSection
	GlobalSection(SolutionProperties) = preSolution
		HideSolutionNode = FALSE
	EndGlobalSection
	GlobalSection(ExtensibilityGlobals) = postSolution
		SolutionGuid = {7B6519B6-E0C0-41BB-99D5-EE459C3661B9}
	EndGlobalSection
EndGlobal
